
Microsoft Visual Studio Solution File, Format Version 12.00
# Visual Studio Version 17
VisualStudioVersion = 17.11.35312.102
MinimumVisualStudioVersion = 10.0.40219.1
Project("{FAE04EC0-301F-11D3-BF4B-00C04F79EFBC}") = "NextFitRoomManagement", "NextFitRoomManagement\NextFitRoomManagement.csproj", "{583DF64A-D18C-4204-9B40-9ED574787148}"
EndProject
Global
	GlobalSection(SolutionConfigurationPlatforms) = preSolution
		Debug|Any CPU = Debug|Any CPU
		Release|Any CPU = Release|Any CPU
	EndGlobalSection
	GlobalSection(ProjectConfigurationPlatforms) = postSolution
		{583DF64A-D18C-4204-9B40-9ED574787148}.Debug|Any CPU.ActiveCfg = Debug|Any CPU
		{583DF64A-D18C-4204-9B40-9ED574787148}.Debug|Any CPU.Build.0 = Debug|Any CPU
		{583DF64A-D18C-4204-9B40-9ED574787148}.Release|Any CPU.ActiveCfg = Release|Any CPU
		{583DF64A-D18C-4204-9B40-9ED574787148}.Release|Any CPU.Build.0 = Release|Any CPU
	EndGlobalSection
	GlobalSection(SolutionProperties) = preSolution
		HideSolutionNode = FALSE
	EndGlobalSection
	GlobalSection(ExtensibilityGlobals) = postSolution
		SolutionGuid = {C945A245-80E6-48EE-9529-6B5A6A99DBD1}
	EndGlobalSection
EndGlobal
